
Microsoft Visual Studio Solution File, Format Version 12.00
# Visual Studio Version 17
VisualStudioVersion = 17.4.33205.214
MinimumVisualStudioVersion = 10.0.40219.1
Project("{9A19103F-16F7-4668-BE54-9A1E7A4F7556}") = "BlazorDeviceControl", "BlazorDeviceControl\BlazorDeviceControl.csproj", "{7523775B-CCD9-436D-B3AE-CD791F9A3B17}"
EndProject
Project("{9A19103F-16F7-4668-BE54-9A1E7A4F7556}") = "DeviceManager", "DeviceManager\DeviceManager.csproj", "{305A001F-9B5E-4BC8-B823-3D1C9FF1035C}"
EndProject
Project("{9A19103F-16F7-4668-BE54-9A1E7A4F7556}") = "ServiceExtensions", "ServiceExtensions\ServiceExtensions.csproj", "{04DE2B77-84A2-4997-A2E9-C8F81FDCABAB}"
EndProject
Global
	GlobalSection(SolutionConfigurationPlatforms) = preSolution
		Debug|Any CPU = Debug|Any CPU
		Release|Any CPU = Release|Any CPU
	EndGlobalSection
	GlobalSection(ProjectConfigurationPlatforms) = postSolution
		{7523775B-CCD9-436D-B3AE-CD791F9A3B17}.Debug|Any CPU.ActiveCfg = Debug|Any CPU
		{7523775B-CCD9-436D-B3AE-CD791F9A3B17}.Debug|Any CPU.Build.0 = Debug|Any CPU
		{7523775B-CCD9-436D-B3AE-CD791F9A3B17}.Release|Any CPU.ActiveCfg = Release|Any CPU
		{7523775B-CCD9-436D-B3AE-CD791F9A3B17}.Release|Any CPU.Build.0 = Release|Any CPU
		{305A001F-9B5E-4BC8-B823-3D1C9FF1035C}.Debug|Any CPU.ActiveCfg = Debug|Any CPU
		{305A001F-9B5E-4BC8-B823-3D1C9FF1035C}.Debug|Any CPU.Build.0 = Debug|Any CPU
		{305A001F-9B5E-4BC8-B823-3D1C9FF1035C}.Release|Any CPU.ActiveCfg = Release|Any CPU
		{305A001F-9B5E-4BC8-B823-3D1C9FF1035C}.Release|Any CPU.Build.0 = Release|Any CPU
		{04DE2B77-84A2-4997-A2E9-C8F81FDCABAB}.Debug|Any CPU.ActiveCfg = Debug|Any CPU
		{04DE2B77-84A2-4997-A2E9-C8F81FDCABAB}.Debug|Any CPU.Build.0 = Debug|Any CPU
		{04DE2B77-84A2-4997-A2E9-C8F81FDCABAB}.Release|Any CPU.ActiveCfg = Release|Any CPU
		{04DE2B77-84A2-4997-A2E9-C8F81FDCABAB}.Release|Any CPU.Build.0 = Release|Any CPU
	EndGlobalSection
	GlobalSection(SolutionProperties) = preSolution
		HideSolutionNode = FALSE
	EndGlobalSection
	GlobalSection(ExtensibilityGlobals) = postSolution
		SolutionGuid = {4C38DD30-8A9E-4826-A00D-DEDA2F870069}
	EndGlobalSection
EndGlobal
